
Microsoft Visual Studio Solution File, Format Version 12.00
# Visual Studio 15
VisualStudioVersion = 15.0.28307.852
MinimumVisualStudioVersion = 10.0.40219.1
Project("{9A19103F-16F7-4668-BE54-9A1E7A4F7556}") = "TerasCreativeSpace", "TerasCreativeSpace\TerasCreativeSpace.csproj", "{F2DA3A18-C5C1-4C6A-A44B-ED013F5EF229}"
EndProject
Global
	GlobalSection(SolutionConfigurationPlatforms) = preSolution
		Debug|Any CPU = Debug|Any CPU
		Release|Any CPU = Release|Any CPU
	EndGlobalSection
	GlobalSection(ProjectConfigurationPlatforms) = postSolution
		{F2DA3A18-C5C1-4C6A-A44B-ED013F5EF229}.Debug|Any CPU.ActiveCfg = Debug|Any CPU
		{F2DA3A18-C5C1-4C6A-A44B-ED013F5EF229}.Debug|Any CPU.Build.0 = Debug|Any CPU
		{F2DA3A18-C5C1-4C6A-A44B-ED013F5EF229}.Release|Any CPU.ActiveCfg = Release|Any CPU
		{F2DA3A18-C5C1-4C6A-A44B-ED013F5EF229}.Release|Any CPU.Build.0 = Release|Any CPU
	EndGlobalSection
	GlobalSection(SolutionProperties) = preSolution
		HideSolutionNode = FALSE
	EndGlobalSection
	GlobalSection(ExtensibilityGlobals) = postSolution
		SolutionGuid = {46698C10-9C2E-405D-B9EB-F9EFE775B8CD}
	EndGlobalSection
EndGlobal
